
Microsoft Visual Studio Solution File, Format Version 12.00
# Visual Studio Version 16
VisualStudioVersion = 16.0.30717.126
MinimumVisualStudioVersion = 10.0.40219.1
Project("{2150E333-8FDC-42A3-9474-1A3956D46DE8}") = "migrations", "migrations", "{E658A2EF-CE17-4A5F-856D-F22ABEE49088}"
EndProject
Project("{2150E333-8FDC-42A3-9474-1A3956D46DE8}") = "src", "src", "{19672543-997A-4C4D-8C8A-F76E60E25DC3}"
EndProject
Project("{9A19103F-16F7-4668-BE54-9A1E7A4F7556}") = "FluffyBunny.IdentityServer.EntityFramework.Storage", "src\Storage\FluffyBunny.IdentityServer.EntityFramework.Storage\FluffyBunny.IdentityServer.EntityFramework.Storage.csproj", "{68B24EFD-0460-4C7F-9F07-01A88BB5F8D7}"
EndProject
Project("{9A19103F-16F7-4668-BE54-9A1E7A4F7556}") = "FluffyBunny4.DotNetCore", "src\Apps\FluffyBunny4.DotNetCore\FluffyBunny4.DotNetCore.csproj", "{5EF25E95-FB5E-49D0-ACE4-A609C726CD8E}"
EndProject
Project("{2150E333-8FDC-42A3-9474-1A3956D46DE8}") = "Tests", "Tests", "{41B8C65A-EFAF-45CA-A397-3BA9F2A0D58D}"
EndProject
Project("{9A19103F-16F7-4668-BE54-9A1E7A4F7556}") = "Migrations.SqlServer", "src\Storage\Migrations.SqlServer\Migrations.SqlServer.csproj", "{33A45104-4E0D-46E3-ACE4-8BB67B7AADF2}"
EndProject
Project("{9A19103F-16F7-4668-BE54-9A1E7A4F7556}") = "TestWebApp", "src\Tests\TestWebApp\TestWebApp.csproj", "{00452244-DF60-44B5-825C-480F79EC5569}"
EndProject
Project("{9A19103F-16F7-4668-BE54-9A1E7A4F7556}") = "IdentityServer4.Alt", "src\Apps\IdentityServer4.Alt\IdentityServer4.Alt.csproj", "{B18A391E-C88E-42BC-A0A6-31CC9BEACBD7}"
EndProject
Project("{9A19103F-16F7-4668-BE54-9A1E7A4F7556}") = "IdentityModel.FluffyBunny4", "src\Apps\IdentityModel.FluffyBunny4\IdentityModel.FluffyBunny4.csproj", "{01361216-2D49-42E9-B566-0DF20635EC57}"
EndProject
Project("{9A19103F-16F7-4668-BE54-9A1E7A4F7556}") = "FluffyBunny4", "src\Apps\FluffyBunny4\FluffyBunny4.csproj", "{A463B6DC-5252-47DE-8FE0-7F93AD3D0AB2}"
EndProject
Project("{9A19103F-16F7-4668-BE54-9A1E7A4F7556}") = "FluffyBunny.Admin", "src\Apps\FluffyBunny.Admin\FluffyBunny.Admin.csproj", "{712E07F4-91F4-4258-B696-1DAF96AC84C4}"
EndProject
Project("{9A19103F-16F7-4668-BE54-9A1E7A4F7556}") = "XUnitTest_EntityFramework", "src\Tests\XUnitTest_EntityFramework\XUnitTest_EntityFramework.csproj", "{A1EF2C70-5894-4930-8446-E331B681706C}"
EndProject
Project("{9A19103F-16F7-4668-BE54-9A1E7A4F7556}") = "TokenService", "src\Apps\TokenService\TokenService.csproj", "{E8A36A73-6D87-473A-A4AF-16AB95B2B2F0}"
EndProject
Project("{9A19103F-16F7-4668-BE54-9A1E7A4F7556}") = "FluffyBunny4.Azure", "src\Apps\FluffyBunny4.Azure\FluffyBunny4.Azure.csproj", "{1727AE8F-F1BC-46CD-9116-075AD1DC8D95}"
EndProject
Project("{9A19103F-16F7-4668-BE54-9A1E7A4F7556}") = "SampleExternalService", "src\Apps\SampleExternalService\SampleExternalService.csproj", "{67DEEF54-A7C0-496D-A7AE-EFC75DE7C036}"
EndProject
Project("{2150E333-8FDC-42A3-9474-1A3956D46DE8}") = "Duende", "Duende", "{D691CC2E-CC31-4A64-9891-15976F0653B8}"
EndProject
Project("{9A19103F-16F7-4668-BE54-9A1E7A4F7556}") = "OIDCConsentOrchestrator", "src\Apps\OIDCConsentOrchestrator\OIDCConsentOrchestrator.csproj", "{D6EDB17B-F71D-474D-A01E-E5BE95167148}"
EndProject
Project("{9A19103F-16F7-4668-BE54-9A1E7A4F7556}") = "OIDCConsentOrchestrator.Models", "src\Apps\OIDCConsentOrchestrator.Models\OIDCConsentOrchestrator.Models.csproj", "{29D16745-4C57-4A5B-B35D-185A4AAFFAB1}"
EndProject
Project("{9A19103F-16F7-4668-BE54-9A1E7A4F7556}") = "OIDCPipeline.Core", "src\Apps\OIDCPipeline.Core\OIDCPipeline.Core.csproj", "{1EF6EAD5-05CB-4134-8EA2-21497DA3461B}"
EndProject
Project("{9A19103F-16F7-4668-BE54-9A1E7A4F7556}") = "OpenIdConnectModels", "src\Apps\OpenIdConnectModels\OpenIdConnectModels.csproj", "{AAC52DA2-8D22-4236-A62A-8DF4CEFA5F73}"
EndProject
Project("{9A19103F-16F7-4668-BE54-9A1E7A4F7556}") = "WebAppExternalLogin", "src\Apps\WebAppExternalLogin\WebAppExternalLogin.csproj", "{1DF91143-2108-4EA2-853B-F99390FBFC90}"
EndProject
Project("{9A19103F-16F7-4668-BE54-9A1E7A4F7556}") = "NativeConsolePKCE-CLI", "src\Apps\NativeConsolePKCE-CLI\NativeConsolePKCE-CLI.csproj", "{54737C82-DCBC-4FFE-9733-07C07D6E649B}"
EndProject
Project("{9A19103F-16F7-4668-BE54-9A1E7A4F7556}") = "MigrateHost", "src\Storage\MigrateHost\MigrateHost.csproj", "{24F8F30A-4A1A-4321-8159-3849078B3DBA}"
EndProject
Project("{9A19103F-16F7-4668-BE54-9A1E7A4F7556}") = "FluffyBunny.EntityFramework.Context", "src\Storage\FluffyBunny.EntityFramework.Context\FluffyBunny.EntityFramework.Context.csproj", "{3D10594E-4619-48D7-9A31-73D607FA2BBD}"
EndProject
Project("{9A19103F-16F7-4668-BE54-9A1E7A4F7556}") = "FluffyBunny.EntityFramework.Entities", "src\Storage\FluffyBunny.EntityFramework.Entities\FluffyBunny.EntityFramework.Entities.csproj", "{54004396-3755-464D-9A4B-03C7A19FE0A5}"
EndProject
Project("{9A19103F-16F7-4668-BE54-9A1E7A4F7556}") = "FluffyBunny.EntityFramework.Postgres", "src\Storage\FluffyBunny.EntityFramework.Postgres\FluffyBunny.EntityFramework.Postgres.csproj", "{E7DE0555-82D9-4D72-9DFC-ECB47BFA9115}"
EndProject
Project("{9A19103F-16F7-4668-BE54-9A1E7A4F7556}") = "XUnitTest_json", "XUnitTest_json\XUnitTest_json.csproj", "{1D7E0788-0E29-4466-9C93-3B37042DC38C}"
EndProject
Project("{9A19103F-16F7-4668-BE54-9A1E7A4F7556}") = "IdentityServerHost", "src\Duende\Samples\basic\IdentityServer\src\IdentityServerHost.csproj", "{A8EA50A8-4C7A-49A6-9CFF-C0043FF754FE}"
EndProject
Project("{9A19103F-16F7-4668-BE54-9A1E7A4F7556}") = "Duende.IdentityServer", "src\Duende\5.0.1\IdentityServer\Duende.IdentityServer.csproj", "{1BDC30F9-AB74-4E26-BCA8-9073A2B1D466}"
EndProject
Global
	GlobalSection(SolutionConfigurationPlatforms) = preSolution
		Debug|Any CPU = Debug|Any CPU
		Release|Any CPU = Release|Any CPU
	EndGlobalSection
	GlobalSection(ProjectConfigurationPlatforms) = postSolution
		{68B24EFD-0460-4C7F-9F07-01A88BB5F8D7}.Debug|Any CPU.ActiveCfg = Debug|Any CPU
		{68B24EFD-0460-4C7F-9F07-01A88BB5F8D7}.Debug|Any CPU.Build.0 = Debug|Any CPU
		{68B24EFD-0460-4C7F-9F07-01A88BB5F8D7}.Release|Any CPU.ActiveCfg = Release|Any CPU
		{68B24EFD-0460-4C7F-9F07-01A88BB5F8D7}.Release|Any CPU.Build.0 = Release|Any CPU
		{5EF25E95-FB5E-49D0-ACE4-A609C726CD8E}.Debug|Any CPU.ActiveCfg = Debug|Any CPU
		{5EF25E95-FB5E-49D0-ACE4-A609C726CD8E}.Debug|Any CPU.Build.0 = Debug|Any CPU
		{5EF25E95-FB5E-49D0-ACE4-A609C726CD8E}.Release|Any CPU.ActiveCfg = Release|Any CPU
		{5EF25E95-FB5E-49D0-ACE4-A609C726CD8E}.Release|Any CPU.Build.0 = Release|Any CPU
		{33A45104-4E0D-46E3-ACE4-8BB67B7AADF2}.Debug|Any CPU.ActiveCfg = Debug|Any CPU
		{33A45104-4E0D-46E3-ACE4-8BB67B7AADF2}.Debug|Any CPU.Build.0 = Debug|Any CPU
		{33A45104-4E0D-46E3-ACE4-8BB67B7AADF2}.Release|Any CPU.ActiveCfg = Release|Any CPU
		{33A45104-4E0D-46E3-ACE4-8BB67B7AADF2}.Release|Any CPU.Build.0 = Release|Any CPU
		{00452244-DF60-44B5-825C-480F79EC5569}.Debug|Any CPU.ActiveCfg = Debug|Any CPU
		{00452244-DF60-44B5-825C-480F79EC5569}.Debug|Any CPU.Build.0 = Debug|Any CPU
		{00452244-DF60-44B5-825C-480F79EC5569}.Release|Any CPU.ActiveCfg = Release|Any CPU
		{00452244-DF60-44B5-825C-480F79EC5569}.Release|Any CPU.Build.0 = Release|Any CPU
		{B18A391E-C88E-42BC-A0A6-31CC9BEACBD7}.Debug|Any CPU.ActiveCfg = Debug|Any CPU
		{B18A391E-C88E-42BC-A0A6-31CC9BEACBD7}.Debug|Any CPU.Build.0 = Debug|Any CPU
		{B18A391E-C88E-42BC-A0A6-31CC9BEACBD7}.Release|Any CPU.ActiveCfg = Release|Any CPU
		{B18A391E-C88E-42BC-A0A6-31CC9BEACBD7}.Release|Any CPU.Build.0 = Release|Any CPU
		{01361216-2D49-42E9-B566-0DF20635EC57}.Debug|Any CPU.ActiveCfg = Debug|Any CPU
		{01361216-2D49-42E9-B566-0DF20635EC57}.Debug|Any CPU.Build.0 = Debug|Any CPU
		{01361216-2D49-42E9-B566-0DF20635EC57}.Release|Any CPU.ActiveCfg = Release|Any CPU
		{01361216-2D49-42E9-B566-0DF20635EC57}.Release|Any CPU.Build.0 = Release|Any CPU
		{A463B6DC-5252-47DE-8FE0-7F93AD3D0AB2}.Debug|Any CPU.ActiveCfg = Debug|Any CPU
		{A463B6DC-5252-47DE-8FE0-7F93AD3D0AB2}.Debug|Any CPU.Build.0 = Debug|Any CPU
		{A463B6DC-5252-47DE-8FE0-7F93AD3D0AB2}.Release|Any CPU.ActiveCfg = Release|Any CPU
		{A463B6DC-5252-47DE-8FE0-7F93AD3D0AB2}.Release|Any CPU.Build.0 = Release|Any CPU
		{712E07F4-91F4-4258-B696-1DAF96AC84C4}.Debug|Any CPU.ActiveCfg = Debug|Any CPU
		{712E07F4-91F4-4258-B696-1DAF96AC84C4}.Debug|Any CPU.Build.0 = Debug|Any CPU
		{712E07F4-91F4-4258-B696-1DAF96AC84C4}.Release|Any CPU.ActiveCfg = Release|Any CPU
		{712E07F4-91F4-4258-B696-1DAF96AC84C4}.Release|Any CPU.Build.0 = Release|Any CPU
		{A1EF2C70-5894-4930-8446-E331B681706C}.Debug|Any CPU.ActiveCfg = Debug|Any CPU
		{A1EF2C70-5894-4930-8446-E331B681706C}.Debug|Any CPU.Build.0 = Debug|Any CPU
		{A1EF2C70-5894-4930-8446-E331B681706C}.Release|Any CPU.ActiveCfg = Release|Any CPU
		{A1EF2C70-5894-4930-8446-E331B681706C}.Release|Any CPU.Build.0 = Release|Any CPU
		{E8A36A73-6D87-473A-A4AF-16AB95B2B2F0}.Debug|Any CPU.ActiveCfg = Debug|Any CPU
		{E8A36A73-6D87-473A-A4AF-16AB95B2B2F0}.Debug|Any CPU.Build.0 = Debug|Any CPU
		{E8A36A73-6D87-473A-A4AF-16AB95B2B2F0}.Release|Any CPU.ActiveCfg = Release|Any CPU
		{E8A36A73-6D87-473A-A4AF-16AB95B2B2F0}.Release|Any CPU.Build.0 = Release|Any CPU
		{1727AE8F-F1BC-46CD-9116-075AD1DC8D95}.Debug|Any CPU.ActiveCfg = Debug|Any CPU
		{1727AE8F-F1BC-46CD-9116-075AD1DC8D95}.Debug|Any CPU.Build.0 = Debug|Any CPU
		{1727AE8F-F1BC-46CD-9116-075AD1DC8D95}.Release|Any CPU.ActiveCfg = Release|Any CPU
		{1727AE8F-F1BC-46CD-9116-075AD1DC8D95}.Release|Any CPU.Build.0 = Release|Any CPU
		{67DEEF54-A7C0-496D-A7AE-EFC75DE7C036}.Debug|Any CPU.ActiveCfg = Debug|Any CPU
		{67DEEF54-A7C0-496D-A7AE-EFC75DE7C036}.Debug|Any CPU.Build.0 = Debug|Any CPU
		{67DEEF54-A7C0-496D-A7AE-EFC75DE7C036}.Release|Any CPU.ActiveCfg = Release|Any CPU
		{67DEEF54-A7C0-496D-A7AE-EFC75DE7C036}.Release|Any CPU.Build.0 = Release|Any CPU
		{D6EDB17B-F71D-474D-A01E-E5BE95167148}.Debug|Any CPU.ActiveCfg = Debug|Any CPU
		{D6EDB17B-F71D-474D-A01E-E5BE95167148}.Debug|Any CPU.Build.0 = Debug|Any CPU
		{D6EDB17B-F71D-474D-A01E-E5BE95167148}.Release|Any CPU.ActiveCfg = Release|Any CPU
		{D6EDB17B-F71D-474D-A01E-E5BE95167148}.Release|Any CPU.Build.0 = Release|Any CPU
		{29D16745-4C57-4A5B-B35D-185A4AAFFAB1}.Debug|Any CPU.ActiveCfg = Debug|Any CPU
		{29D16745-4C57-4A5B-B35D-185A4AAFFAB1}.Debug|Any CPU.Build.0 = Debug|Any CPU
		{29D16745-4C57-4A5B-B35D-185A4AAFFAB1}.Release|Any CPU.ActiveCfg = Release|Any CPU
		{29D16745-4C57-4A5B-B35D-185A4AAFFAB1}.Release|Any CPU.Build.0 = Release|Any CPU
		{1EF6EAD5-05CB-4134-8EA2-21497DA3461B}.Debug|Any CPU.ActiveCfg = Debug|Any CPU
		{1EF6EAD5-05CB-4134-8EA2-21497DA3461B}.Debug|Any CPU.Build.0 = Debug|Any CPU
		{1EF6EAD5-05CB-4134-8EA2-21497DA3461B}.Release|Any CPU.ActiveCfg = Release|Any CPU
		{1EF6EAD5-05CB-4134-8EA2-21497DA3461B}.Release|Any CPU.Build.0 = Release|Any CPU
		{AAC52DA2-8D22-4236-A62A-8DF4CEFA5F73}.Debug|Any CPU.ActiveCfg = Debug|Any CPU
		{AAC52DA2-8D22-4236-A62A-8DF4CEFA5F73}.Debug|Any CPU.Build.0 = Debug|Any CPU
		{AAC52DA2-8D22-4236-A62A-8DF4CEFA5F73}.Release|Any CPU.ActiveCfg = Release|Any CPU
		{AAC52DA2-8D22-4236-A62A-8DF4CEFA5F73}.Release|Any CPU.Build.0 = Release|Any CPU
		{1DF91143-2108-4EA2-853B-F99390FBFC90}.Debug|Any CPU.ActiveCfg = Debug|Any CPU
		{1DF91143-2108-4EA2-853B-F99390FBFC90}.Debug|Any CPU.Build.0 = Debug|Any CPU
		{1DF91143-2108-4EA2-853B-F99390FBFC90}.Release|Any CPU.ActiveCfg = Release|Any CPU
		{1DF91143-2108-4EA2-853B-F99390FBFC90}.Release|Any CPU.Build.0 = Release|Any CPU
		{54737C82-DCBC-4FFE-9733-07C07D6E649B}.Debug|Any CPU.ActiveCfg = Debug|Any CPU
		{54737C82-DCBC-4FFE-9733-07C07D6E649B}.Debug|Any CPU.Build.0 = Debug|Any CPU
		{54737C82-DCBC-4FFE-9733-07C07D6E649B}.Release|Any CPU.ActiveCfg = Release|Any CPU
		{54737C82-DCBC-4FFE-9733-07C07D6E649B}.Release|Any CPU.Build.0 = Release|Any CPU
		{24F8F30A-4A1A-4321-8159-3849078B3DBA}.Debug|Any CPU.ActiveCfg = Debug|Any CPU
		{24F8F30A-4A1A-4321-8159-3849078B3DBA}.Debug|Any CPU.Build.0 = Debug|Any CPU
		{24F8F30A-4A1A-4321-8159-3849078B3DBA}.Release|Any CPU.ActiveCfg = Release|Any CPU
		{24F8F30A-4A1A-4321-8159-3849078B3DBA}.Release|Any CPU.Build.0 = Release|Any CPU
		{3D10594E-4619-48D7-9A31-73D607FA2BBD}.Debug|Any CPU.ActiveCfg = Debug|Any CPU
		{3D10594E-4619-48D7-9A31-73D607FA2BBD}.Debug|Any CPU.Build.0 = Debug|Any CPU
		{3D10594E-4619-48D7-9A31-73D607FA2BBD}.Release|Any CPU.ActiveCfg = Release|Any CPU
		{3D10594E-4619-48D7-9A31-73D607FA2BBD}.Release|Any CPU.Build.0 = Release|Any CPU
		{54004396-3755-464D-9A4B-03C7A19FE0A5}.Debug|Any CPU.ActiveCfg = Debug|Any CPU
		{54004396-3755-464D-9A4B-03C7A19FE0A5}.Debug|Any CPU.Build.0 = Debug|Any CPU
		{54004396-3755-464D-9A4B-03C7A19FE0A5}.Release|Any CPU.ActiveCfg = Release|Any CPU
		{54004396-3755-464D-9A4B-03C7A19FE0A5}.Release|Any CPU.Build.0 = Release|Any CPU
		{E7DE0555-82D9-4D72-9DFC-ECB47BFA9115}.Debug|Any CPU.ActiveCfg = Debug|Any CPU
		{E7DE0555-82D9-4D72-9DFC-ECB47BFA9115}.Debug|Any CPU.Build.0 = Debug|Any CPU
		{E7DE0555-82D9-4D72-9DFC-ECB47BFA9115}.Release|Any CPU.ActiveCfg = Release|Any CPU
		{E7DE0555-82D9-4D72-9DFC-ECB47BFA9115}.Release|Any CPU.Build.0 = Release|Any CPU
		{1D7E0788-0E29-4466-9C93-3B37042DC38C}.Debug|Any CPU.ActiveCfg = Debug|Any CPU
		{1D7E0788-0E29-4466-9C93-3B37042DC38C}.Debug|Any CPU.Build.0 = Debug|Any CPU
		{1D7E0788-0E29-4466-9C93-3B37042DC38C}.Release|Any CPU.ActiveCfg = Release|Any CPU
		{1D7E0788-0E29-4466-9C93-3B37042DC38C}.Release|Any CPU.Build.0 = Release|Any CPU
		{A8EA50A8-4C7A-49A6-9CFF-C0043FF754FE}.Debug|Any CPU.ActiveCfg = Debug|Any CPU
		{A8EA50A8-4C7A-49A6-9CFF-C0043FF754FE}.Debug|Any CPU.Build.0 = Debug|Any CPU
		{A8EA50A8-4C7A-49A6-9CFF-C0043FF754FE}.Release|Any CPU.ActiveCfg = Release|Any CPU
		{A8EA50A8-4C7A-49A6-9CFF-C0043FF754FE}.Release|Any CPU.Build.0 = Release|Any CPU
		{1BDC30F9-AB74-4E26-BCA8-9073A2B1D466}.Debug|Any CPU.ActiveCfg = Debug|Any CPU
		{1BDC30F9-AB74-4E26-BCA8-9073A2B1D466}.Debug|Any CPU.Build.0 = Debug|Any CPU
		{1BDC30F9-AB74-4E26-BCA8-9073A2B1D466}.Release|Any CPU.ActiveCfg = Release|Any CPU
		{1BDC30F9-AB74-4E26-BCA8-9073A2B1D466}.Release|Any CPU.Build.0 = Release|Any CPU
	EndGlobalSection
	GlobalSection(SolutionProperties) = preSolution
		HideSolutionNode = FALSE
	EndGlobalSection
	GlobalSection(NestedProjects) = preSolution
		{68B24EFD-0460-4C7F-9F07-01A88BB5F8D7} = {19672543-997A-4C4D-8C8A-F76E60E25DC3}
		{5EF25E95-FB5E-49D0-ACE4-A609C726CD8E} = {19672543-997A-4C4D-8C8A-F76E60E25DC3}
		{33A45104-4E0D-46E3-ACE4-8BB67B7AADF2} = {E658A2EF-CE17-4A5F-856D-F22ABEE49088}
		{00452244-DF60-44B5-825C-480F79EC5569} = {41B8C65A-EFAF-45CA-A397-3BA9F2A0D58D}
		{B18A391E-C88E-42BC-A0A6-31CC9BEACBD7} = {19672543-997A-4C4D-8C8A-F76E60E25DC3}
		{01361216-2D49-42E9-B566-0DF20635EC57} = {19672543-997A-4C4D-8C8A-F76E60E25DC3}
		{A463B6DC-5252-47DE-8FE0-7F93AD3D0AB2} = {19672543-997A-4C4D-8C8A-F76E60E25DC3}
		{712E07F4-91F4-4258-B696-1DAF96AC84C4} = {19672543-997A-4C4D-8C8A-F76E60E25DC3}
		{A1EF2C70-5894-4930-8446-E331B681706C} = {41B8C65A-EFAF-45CA-A397-3BA9F2A0D58D}
		{E8A36A73-6D87-473A-A4AF-16AB95B2B2F0} = {19672543-997A-4C4D-8C8A-F76E60E25DC3}
		{1727AE8F-F1BC-46CD-9116-075AD1DC8D95} = {19672543-997A-4C4D-8C8A-F76E60E25DC3}
		{67DEEF54-A7C0-496D-A7AE-EFC75DE7C036} = {19672543-997A-4C4D-8C8A-F76E60E25DC3}
		{D6EDB17B-F71D-474D-A01E-E5BE95167148} = {19672543-997A-4C4D-8C8A-F76E60E25DC3}
		{29D16745-4C57-4A5B-B35D-185A4AAFFAB1} = {19672543-997A-4C4D-8C8A-F76E60E25DC3}
		{1EF6EAD5-05CB-4134-8EA2-21497DA3461B} = {19672543-997A-4C4D-8C8A-F76E60E25DC3}
		{AAC52DA2-8D22-4236-A62A-8DF4CEFA5F73} = {19672543-997A-4C4D-8C8A-F76E60E25DC3}
		{1DF91143-2108-4EA2-853B-F99390FBFC90} = {19672543-997A-4C4D-8C8A-F76E60E25DC3}
		{54737C82-DCBC-4FFE-9733-07C07D6E649B} = {19672543-997A-4C4D-8C8A-F76E60E25DC3}
		{24F8F30A-4A1A-4321-8159-3849078B3DBA} = {E658A2EF-CE17-4A5F-856D-F22ABEE49088}
		{3D10594E-4619-48D7-9A31-73D607FA2BBD} = {19672543-997A-4C4D-8C8A-F76E60E25DC3}
		{54004396-3755-464D-9A4B-03C7A19FE0A5} = {19672543-997A-4C4D-8C8A-F76E60E25DC3}
		{E7DE0555-82D9-4D72-9DFC-ECB47BFA9115} = {19672543-997A-4C4D-8C8A-F76E60E25DC3}
		{1D7E0788-0E29-4466-9C93-3B37042DC38C} = {41B8C65A-EFAF-45CA-A397-3BA9F2A0D58D}
		{A8EA50A8-4C7A-49A6-9CFF-C0043FF754FE} = {19672543-997A-4C4D-8C8A-F76E60E25DC3}
		{1BDC30F9-AB74-4E26-BCA8-9073A2B1D466} = {D691CC2E-CC31-4A64-9891-15976F0653B8}
	EndGlobalSection
	GlobalSection(ExtensibilityGlobals) = postSolution
		SolutionGuid = {B2F0F19A-BC0A-4B98-A9F2-2F19B8CA049B}
	EndGlobalSection
EndGlobal
